
Microsoft Visual Studio Solution File, Format Version 12.00
# Visual Studio Version 16
VisualStudioVersion = 16.0.30225.117
MinimumVisualStudioVersion = 10.0.40219.1
Project("{9A19103F-16F7-4668-BE54-9A1E7A4F7556}") = "AmuletOfManyMinions", "AmuletOfManyMinions.csproj", "{6A59ED26-FCFF-4025-9BAC-750FDB6839E5}"
EndProject
Global
	GlobalSection(SolutionConfigurationPlatforms) = preSolution
		Debug|Any CPU = Debug|Any CPU
		Release|Any CPU = Release|Any CPU
	EndGlobalSection
	GlobalSection(ProjectConfigurationPlatforms) = postSolution
		{6A59ED26-FCFF-4025-9BAC-750FDB6839E5}.Debug|Any CPU.ActiveCfg = Debug|Any CPU
		{6A59ED26-FCFF-4025-9BAC-750FDB6839E5}.Debug|Any CPU.Build.0 = Debug|Any CPU
		{6A59ED26-FCFF-4025-9BAC-750FDB6839E5}.Release|Any CPU.ActiveCfg = Release|Any CPU
		{6A59ED26-FCFF-4025-9BAC-750FDB6839E5}.Release|Any CPU.Build.0 = Release|Any CPU
	EndGlobalSection
	GlobalSection(SolutionProperties) = preSolution
		HideSolutionNode = FALSE
	EndGlobalSection
	GlobalSection(ExtensibilityGlobals) = postSolution
		SolutionGuid = {C5778E27-01F8-4A97-BBC1-B0C534F2CC6E}
	EndGlobalSection
EndGlobal
